
Microsoft Visual Studio Solution File, Format Version 12.00
# Visual Studio 15
VisualStudioVersion = 15.0.27130.2024
MinimumVisualStudioVersion = 10.0.40219.1
Project("{FAE04EC0-301F-11D3-BF4B-00C04F79EFBC}") = "FindingWemoConsole", "WemoScanner\FindingWemoConsole.csproj", "{DDBE9444-3CF0-4D53-8CE1-8C71A76FDFB9}"
EndProject
Project("{FAE04EC0-301F-11D3-BF4B-00C04F79EFBC}") = "FindingWemo", "FindingWemo\FindingWemo.csproj", "{712DC8BB-D6FC-43F6-AFBF-EE92634FD4FE}"
EndProject
Global
	GlobalSection(SolutionConfigurationPlatforms) = preSolution
		Debug|Any CPU = Debug|Any CPU
		Release|Any CPU = Release|Any CPU
	EndGlobalSection
	GlobalSection(ProjectConfigurationPlatforms) = postSolution
		{DDBE9444-3CF0-4D53-8CE1-8C71A76FDFB9}.Debug|Any CPU.ActiveCfg = Debug|Any CPU
		{DDBE9444-3CF0-4D53-8CE1-8C71A76FDFB9}.Debug|Any CPU.Build.0 = Debug|Any CPU
		{DDBE9444-3CF0-4D53-8CE1-8C71A76FDFB9}.Release|Any CPU.ActiveCfg = Release|Any CPU
		{DDBE9444-3CF0-4D53-8CE1-8C71A76FDFB9}.Release|Any CPU.Build.0 = Release|Any CPU
		{712DC8BB-D6FC-43F6-AFBF-EE92634FD4FE}.Debug|Any CPU.ActiveCfg = Debug|Any CPU
		{712DC8BB-D6FC-43F6-AFBF-EE92634FD4FE}.Debug|Any CPU.Build.0 = Debug|Any CPU
		{712DC8BB-D6FC-43F6-AFBF-EE92634FD4FE}.Release|Any CPU.ActiveCfg = Release|Any CPU
		{712DC8BB-D6FC-43F6-AFBF-EE92634FD4FE}.Release|Any CPU.Build.0 = Release|Any CPU
	EndGlobalSection
	GlobalSection(SolutionProperties) = preSolution
		HideSolutionNode = FALSE
	EndGlobalSection
	GlobalSection(ExtensibilityGlobals) = postSolution
		SolutionGuid = {6D888316-320B-4A79-9724-0A85812CEA7E}
	EndGlobalSection
EndGlobal
